
Microsoft Visual Studio Solution File, Format Version 12.00
# Visual Studio Version 17
VisualStudioVersion = 17.2.32630.192
MinimumVisualStudioVersion = 10.0.40219.1
Project("{FAE04EC0-301F-11D3-BF4B-00C04F79EFBC}") = "Ejercicio-P1", "Ejercicio-P1\Ejercicio-P1.csproj", "{88400C7D-F21F-4CCF-B591-A39ECB49B8A8}"
EndProject
Project("{FAE04EC0-301F-11D3-BF4B-00C04F79EFBC}") = "Entidades", "Entidades\Entidades.csproj", "{29851ECD-6D12-4D9A-96CE-790E2B8E9283}"
EndProject
Global
	GlobalSection(SolutionConfigurationPlatforms) = preSolution
		Debug|Any CPU = Debug|Any CPU
		Release|Any CPU = Release|Any CPU
	EndGlobalSection
	GlobalSection(ProjectConfigurationPlatforms) = postSolution
		{88400C7D-F21F-4CCF-B591-A39ECB49B8A8}.Debug|Any CPU.ActiveCfg = Debug|Any CPU
		{88400C7D-F21F-4CCF-B591-A39ECB49B8A8}.Debug|Any CPU.Build.0 = Debug|Any CPU
		{88400C7D-F21F-4CCF-B591-A39ECB49B8A8}.Release|Any CPU.ActiveCfg = Release|Any CPU
		{88400C7D-F21F-4CCF-B591-A39ECB49B8A8}.Release|Any CPU.Build.0 = Release|Any CPU
		{29851ECD-6D12-4D9A-96CE-790E2B8E9283}.Debug|Any CPU.ActiveCfg = Debug|Any CPU
		{29851ECD-6D12-4D9A-96CE-790E2B8E9283}.Debug|Any CPU.Build.0 = Debug|Any CPU
		{29851ECD-6D12-4D9A-96CE-790E2B8E9283}.Release|Any CPU.ActiveCfg = Release|Any CPU
		{29851ECD-6D12-4D9A-96CE-790E2B8E9283}.Release|Any CPU.Build.0 = Release|Any CPU
	EndGlobalSection
	GlobalSection(SolutionProperties) = preSolution
		HideSolutionNode = FALSE
	EndGlobalSection
	GlobalSection(ExtensibilityGlobals) = postSolution
		SolutionGuid = {81E2B56F-C86E-4102-8C8E-CC7FD6A5D71B}
	EndGlobalSection
EndGlobal
